# This file is generated by running "yarn install" inside your project.
# Manual changes might be lost - proceed with caution!

__metadata:
  version: 6
  cacheKey: 8

"@esbuild/android-arm64@npm:0.18.12":
  version: 0.18.12
  resolution: "@esbuild/android-arm64@npm:0.18.12"
  conditions: os=android & cpu=arm64
  languageName: node
  linkType: hard

"@esbuild/android-arm@npm:0.18.12":
  version: 0.18.12
  resolution: "@esbuild/android-arm@npm:0.18.12"
  conditions: os=android & cpu=arm
  languageName: node
  linkType: hard

"@esbuild/android-x64@npm:0.18.12":
  version: 0.18.12
  resolution: "@esbuild/android-x64@npm:0.18.12"
  conditions: os=android & cpu=x64
  languageName: node
  linkType: hard

"@esbuild/darwin-arm64@npm:0.18.12":
  version: 0.18.12
  resolution: "@esbuild/darwin-arm64@npm:0.18.12"
  conditions: os=darwin & cpu=arm64
  languageName: node
  linkType: hard

"@esbuild/darwin-x64@npm:0.18.12":
  version: 0.18.12
  resolution: "@esbuild/darwin-x64@npm:0.18.12"
  conditions: os=darwin & cpu=x64
  languageName: node
  linkType: hard

"@esbuild/freebsd-arm64@npm:0.18.12":
  version: 0.18.12
  resolution: "@esbuild/freebsd-arm64@npm:0.18.12"
  conditions: os=freebsd & cpu=arm64
  languageName: node
  linkType: hard

"@esbuild/freebsd-x64@npm:0.18.12":
  version: 0.18.12
  resolution: "@esbuild/freebsd-x64@npm:0.18.12"
  conditions: os=freebsd & cpu=x64
  languageName: node
  linkType: hard

"@esbuild/linux-arm64@npm:0.18.12":
  version: 0.18.12
  resolution: "@esbuild/linux-arm64@npm:0.18.12"
  conditions: os=linux & cpu=arm64
  languageName: node
  linkType: hard

"@esbuild/linux-arm@npm:0.18.12":
  version: 0.18.12
  resolution: "@esbuild/linux-arm@npm:0.18.12"
  conditions: os=linux & cpu=arm
  languageName: node
  linkType: hard

"@esbuild/linux-ia32@npm:0.18.12":
  version: 0.18.12
  resolution: "@esbuild/linux-ia32@npm:0.18.12"
  conditions: os=linux & cpu=ia32
  languageName: node
  linkType: hard

"@esbuild/linux-loong64@npm:0.18.12":
  version: 0.18.12
  resolution: "@esbuild/linux-loong64@npm:0.18.12"
  conditions: os=linux & cpu=loong64
  languageName: node
  linkType: hard

"@esbuild/linux-mips64el@npm:0.18.12":
  version: 0.18.12
  resolution: "@esbuild/linux-mips64el@npm:0.18.12"
  conditions: os=linux & cpu=mips64el
  languageName: node
  linkType: hard

"@esbuild/linux-ppc64@npm:0.18.12":
  version: 0.18.12
  resolution: "@esbuild/linux-ppc64@npm:0.18.12"
  conditions: os=linux & cpu=ppc64
  languageName: node
  linkType: hard

"@esbuild/linux-riscv64@npm:0.18.12":
  version: 0.18.12
  resolution: "@esbuild/linux-riscv64@npm:0.18.12"
  conditions: os=linux & cpu=riscv64
  languageName: node
  linkType: hard

"@esbuild/linux-s390x@npm:0.18.12":
  version: 0.18.12
  resolution: "@esbuild/linux-s390x@npm:0.18.12"
  conditions: os=linux & cpu=s390x
  languageName: node
  linkType: hard

"@esbuild/linux-x64@npm:0.18.12":
  version: 0.18.12
  resolution: "@esbuild/linux-x64@npm:0.18.12"
  conditions: os=linux & cpu=x64
  languageName: node
  linkType: hard

"@esbuild/netbsd-x64@npm:0.18.12":
  version: 0.18.12
  resolution: "@esbuild/netbsd-x64@npm:0.18.12"
  conditions: os=netbsd & cpu=x64
  languageName: node
  linkType: hard

"@esbuild/openbsd-x64@npm:0.18.12":
  version: 0.18.12
  resolution: "@esbuild/openbsd-x64@npm:0.18.12"
  conditions: os=openbsd & cpu=x64
  languageName: node
  linkType: hard

"@esbuild/sunos-x64@npm:0.18.12":
  version: 0.18.12
  resolution: "@esbuild/sunos-x64@npm:0.18.12"
  conditions: os=sunos & cpu=x64
  languageName: node
  linkType: hard

"@esbuild/win32-arm64@npm:0.18.12":
  version: 0.18.12
  resolution: "@esbuild/win32-arm64@npm:0.18.12"
  conditions: os=win32 & cpu=arm64
  languageName: node
  linkType: hard

"@esbuild/win32-ia32@npm:0.18.12":
  version: 0.18.12
  resolution: "@esbuild/win32-ia32@npm:0.18.12"
  conditions: os=win32 & cpu=ia32
  languageName: node
  linkType: hard

"@esbuild/win32-x64@npm:0.18.12":
  version: 0.18.12
  resolution: "@esbuild/win32-x64@npm:0.18.12"
  conditions: os=win32 & cpu=x64
  languageName: node
  linkType: hard

"@riboseinc/glossarist-adapter-cli@workspace:packages/cli":
  version: 0.0.0-use.local
  resolution: "@riboseinc/glossarist-adapter-cli@workspace:packages/cli"
  dependencies:
    "@riboseinc/glossarist-x3duom": "workspace:~"
    "@types/node": ^20.4.2
    cmd-ts: ^0.12.1
    esbuild: ~0.18
    typescript: ~5.1
  languageName: unknown
  linkType: soft

"@riboseinc/glossarist-x3duom@workspace:packages/x3duom, @riboseinc/glossarist-x3duom@workspace:~":
  version: 0.0.0-use.local
  resolution: "@riboseinc/glossarist-x3duom@workspace:packages/x3duom"
  dependencies:
    "@riboseinc/paneron-extension-glossarist": ^2.0.11
    "@riboseinc/paneron-registry-kit": ^2.1.1
    typescript: ~5.1
  languageName: unknown
  linkType: soft

"@riboseinc/paneron-extension-glossarist@npm:^2.0.11":
  version: 2.0.11
  resolution: "@riboseinc/paneron-extension-glossarist@npm:2.0.11"
  checksum: fe8a5f4fba47be9816a6cf139f5f1225dad9aab8adc31ac525ce58665814abca00c6cfa9c1239120730703fe3fb629bf696e24938258aacbdf79d17feba228cf
  languageName: node
  linkType: hard

"@riboseinc/paneron-registry-kit@npm:^2.1.1":
  version: 2.1.1
  resolution: "@riboseinc/paneron-registry-kit@npm:2.1.1"
  checksum: b77774961549f3b9c902db1814803a9a809331d3a92f97845c566520b1f886a75a4e513bf3a3eec38635a7971325b6d1f697ab599f2857891c98f881bb967e7b
  languageName: node
  linkType: hard

"@types/node@npm:^20.4.2":
  version: 20.4.2
  resolution: "@types/node@npm:20.4.2"
  checksum: 99e544ea7560d51f01f95627fc40394c24a13da8f041121a0da13e4ef0a2aa332932eaf9a5e8d0e30d1c07106e96a183be392cbba62e8cf0bf6a085d5c0f4149
  languageName: node
  linkType: hard

"ansi-regex@npm:^5.0.1":
  version: 5.0.1
  resolution: "ansi-regex@npm:5.0.1"
  checksum: 2aa4bb54caf2d622f1afdad09441695af2a83aa3fe8b8afa581d205e57ed4261c183c4d3877cee25794443fde5876417d859c108078ab788d6af7e4fe52eb66b
  languageName: node
  linkType: hard

"ansi-styles@npm:^4.1.0":
  version: 4.3.0
  resolution: "ansi-styles@npm:4.3.0"
  dependencies:
    color-convert: ^2.0.1
  checksum: 513b44c3b2105dd14cc42a19271e80f386466c4be574bccf60b627432f9198571ebf4ab1e4c3ba17347658f4ee1711c163d574248c0c1cdc2d5917a0ad582ec4
  languageName: node
  linkType: hard

"chalk@npm:^4.0.0":
  version: 4.1.2
  resolution: "chalk@npm:4.1.2"
  dependencies:
    ansi-styles: ^4.1.0
    supports-color: ^7.1.0
  checksum: fe75c9d5c76a7a98d45495b91b2172fa3b7a09e0cc9370e5c8feb1c567b85c4288e2b3fded7cfdd7359ac28d6b3844feb8b82b8686842e93d23c827c417e83fc
  languageName: node
  linkType: hard

"cmd-ts@npm:^0.12.1":
  version: 0.12.1
  resolution: "cmd-ts@npm:0.12.1"
  dependencies:
    chalk: ^4.0.0
    debug: ^4.3.4
    didyoumean: ^1.2.2
    strip-ansi: ^6.0.0
  checksum: 0f7282e121ae584fdc5b1b769f14bfec17b59798cda61e2bca207160edb89c808b453b895d2442f2d1ec3d83772b62befdc8eb6cf40f1613a758978372ee640f
  languageName: node
  linkType: hard

"color-convert@npm:^2.0.1":
  version: 2.0.1
  resolution: "color-convert@npm:2.0.1"
  dependencies:
    color-name: ~1.1.4
  checksum: 79e6bdb9fd479a205c71d89574fccfb22bd9053bd98c6c4d870d65c132e5e904e6034978e55b43d69fcaa7433af2016ee203ce76eeba9cfa554b373e7f7db336
  languageName: node
  linkType: hard

"color-name@npm:~1.1.4":
  version: 1.1.4
  resolution: "color-name@npm:1.1.4"
  checksum: b0445859521eb4021cd0fb0cc1a75cecf67fceecae89b63f62b201cca8d345baf8b952c966862a9d9a2632987d4f6581f0ec8d957dfacece86f0a7919316f610
  languageName: node
  linkType: hard

"debug@npm:^4.3.4":
  version: 4.3.4
  resolution: "debug@npm:4.3.4"
  dependencies:
    ms: 2.1.2
  peerDependenciesMeta:
    supports-color:
      optional: true
  checksum: 3dbad3f94ea64f34431a9cbf0bafb61853eda57bff2880036153438f50fb5a84f27683ba0d8e5426bf41a8c6ff03879488120cf5b3a761e77953169c0600a708
  languageName: node
  linkType: hard

"didyoumean@npm:^1.2.2":
  version: 1.2.2
  resolution: "didyoumean@npm:1.2.2"
  checksum: d5d98719d58b3c2fa59663c4c42ba9716f1fd01245c31d5fce31915bd3aa26e6aac149788e007358f778ebbd68a2256eb5973e8ca6f221df221ba060115acf2e
  languageName: node
  linkType: hard

"esbuild@npm:~0.18":
  version: 0.18.12
  resolution: "esbuild@npm:0.18.12"
  dependencies:
    "@esbuild/android-arm": 0.18.12
    "@esbuild/android-arm64": 0.18.12
    "@esbuild/android-x64": 0.18.12
    "@esbuild/darwin-arm64": 0.18.12
    "@esbuild/darwin-x64": 0.18.12
    "@esbuild/freebsd-arm64": 0.18.12
    "@esbuild/freebsd-x64": 0.18.12
    "@esbuild/linux-arm": 0.18.12
    "@esbuild/linux-arm64": 0.18.12
    "@esbuild/linux-ia32": 0.18.12
    "@esbuild/linux-loong64": 0.18.12
    "@esbuild/linux-mips64el": 0.18.12
    "@esbuild/linux-ppc64": 0.18.12
    "@esbuild/linux-riscv64": 0.18.12
    "@esbuild/linux-s390x": 0.18.12
    "@esbuild/linux-x64": 0.18.12
    "@esbuild/netbsd-x64": 0.18.12
    "@esbuild/openbsd-x64": 0.18.12
    "@esbuild/sunos-x64": 0.18.12
    "@esbuild/win32-arm64": 0.18.12
    "@esbuild/win32-ia32": 0.18.12
    "@esbuild/win32-x64": 0.18.12
  dependenciesMeta:
    "@esbuild/android-arm":
      optional: true
    "@esbuild/android-arm64":
      optional: true
    "@esbuild/android-x64":
      optional: true
    "@esbuild/darwin-arm64":
      optional: true
    "@esbuild/darwin-x64":
      optional: true
    "@esbuild/freebsd-arm64":
      optional: true
    "@esbuild/freebsd-x64":
      optional: true
    "@esbuild/linux-arm":
      optional: true
    "@esbuild/linux-arm64":
      optional: true
    "@esbuild/linux-ia32":
      optional: true
    "@esbuild/linux-loong64":
      optional: true
    "@esbuild/linux-mips64el":
      optional: true
    "@esbuild/linux-ppc64":
      optional: true
    "@esbuild/linux-riscv64":
      optional: true
    "@esbuild/linux-s390x":
      optional: true
    "@esbuild/linux-x64":
      optional: true
    "@esbuild/netbsd-x64":
      optional: true
    "@esbuild/openbsd-x64":
      optional: true
    "@esbuild/sunos-x64":
      optional: true
    "@esbuild/win32-arm64":
      optional: true
    "@esbuild/win32-ia32":
      optional: true
    "@esbuild/win32-x64":
      optional: true
  bin:
    esbuild: bin/esbuild
  checksum: 9d5aac77f637bf69f161dbf900f91cdec38c4bd47562b81302a2f790781fc1430f17790ee934058fa18379673c2987b0310fa61e8ccefb37065b8cc79956f099
  languageName: node
  linkType: hard

"has-flag@npm:^4.0.0":
  version: 4.0.0
  resolution: "has-flag@npm:4.0.0"
  checksum: 261a1357037ead75e338156b1f9452c016a37dcd3283a972a30d9e4a87441ba372c8b81f818cd0fbcd9c0354b4ae7e18b9e1afa1971164aef6d18c2b6095a8ad
  languageName: node
  linkType: hard

"migration-adapters@workspace:.":
  version: 0.0.0-use.local
  resolution: "migration-adapters@workspace:."
  dependencies:
    esbuild: ~0.18
    typescript: ~5.1
    typescript-language-server: ^3.3.2
  dependenciesMeta:
    esbuild:
      built: true
  languageName: unknown
  linkType: soft

"ms@npm:2.1.2":
  version: 2.1.2
  resolution: "ms@npm:2.1.2"
  checksum: 673cdb2c3133eb050c745908d8ce632ed2c02d85640e2edb3ace856a2266a813b30c613569bf3354fdf4ea7d1a1494add3bfa95e2713baa27d0c2c71fc44f58f
  languageName: node
  linkType: hard

"strip-ansi@npm:^6.0.0":
  version: 6.0.1
  resolution: "strip-ansi@npm:6.0.1"
  dependencies:
    ansi-regex: ^5.0.1
  checksum: f3cd25890aef3ba6e1a74e20896c21a46f482e93df4a06567cebf2b57edabb15133f1f94e57434e0a958d61186087b1008e89c94875d019910a213181a14fc8c
  languageName: node
  linkType: hard

"supports-color@npm:^7.1.0":
  version: 7.2.0
  resolution: "supports-color@npm:7.2.0"
  dependencies:
    has-flag: ^4.0.0
  checksum: 3dda818de06ebbe5b9653e07842d9479f3555ebc77e9a0280caf5a14fb877ffee9ed57007c3b78f5a6324b8dbeec648d9e97a24e2ed9fdb81ddc69ea07100f4a
  languageName: node
  linkType: hard

"typescript-language-server@npm:^3.3.2":
  version: 3.3.2
  resolution: "typescript-language-server@npm:3.3.2"
  bin:
    typescript-language-server: lib/cli.mjs
  checksum: 0708c020cf04d276ed46b6226cf8c21a1427250b7a33a01f1b6c50e47e5fcf09ca9109f4a3e2229764acb94fa84d6cfe1ced57f11e8eec4c593341cd668e24d9
  languageName: node
  linkType: hard

"typescript@npm:~5.1":
  version: 5.1.6
  resolution: "typescript@npm:5.1.6"
  bin:
    tsc: bin/tsc
    tsserver: bin/tsserver
  checksum: b2f2c35096035fe1f5facd1e38922ccb8558996331405eb00a5111cc948b2e733163cc22fab5db46992aba7dd520fff637f2c1df4996ff0e134e77d3249a7350
  languageName: node
  linkType: hard

"typescript@patch:typescript@~5.1#~builtin<compat/typescript>":
  version: 5.1.6
  resolution: "typescript@patch:typescript@npm%3A5.1.6#~builtin<compat/typescript>::version=5.1.6&hash=5da071"
  bin:
    tsc: bin/tsc
    tsserver: bin/tsserver
  checksum: f53bfe97f7c8b2b6d23cf572750d4e7d1e0c5fff1c36d859d0ec84556a827b8785077bc27676bf7e71fae538e517c3ecc0f37e7f593be913d884805d931bc8be
  languageName: node
  linkType: hard

"vscode-jsonrpc@npm:8.1.0":
  version: 8.1.0
  resolution: "vscode-jsonrpc@npm:8.1.0"
  checksum: 8980037cc0014802e6ac1e5dfcff9a65e8292727096dfd23c92d2039c0c45de74a00d6ee06938cf1a671286dd8258a5f418cf048c26ad0fcb0c44f96c9e0f278
  languageName: node
  linkType: hard

"vscode-jsonrpc@npm:^5.0.1":
  version: 5.0.1
  resolution: "vscode-jsonrpc@npm:5.0.1"
  checksum: a9188774d8d9ceb4e0d2215aa71bd85bb9f4e1129d5decfda74587e791c6a2b532b2e0026931b45c52087c328429be6510ef841e203293ede7ed4114bb596cd0
  languageName: node
  linkType: hard

"vscode-languageserver-protocol@npm:^3.15.0":
  version: 3.17.3
  resolution: "vscode-languageserver-protocol@npm:3.17.3"
  dependencies:
    vscode-jsonrpc: 8.1.0
    vscode-languageserver-types: 3.17.3
  checksum: ffea508b2efd7f4853f1cef5e5eac58672f0ae71a9ec275ad37a4a2a24cdc3ff023f941e759951aee01c79da3f3279f10e034f19d875f081eb387181241bd836
  languageName: node
  linkType: hard

"vscode-languageserver-types@npm:3.17.3":
  version: 3.17.3
  resolution: "vscode-languageserver-types@npm:3.17.3"
  checksum: fbc8221297261f659a6482875ff2a419dc9d55965dc53745797da569ff9f819cd832e6f2699017baadd946548bbfe212e3f6971f3d960f12dc0ee9c629dacc07
  languageName: node
  linkType: hard
